
Microsoft Visual Studio Solution File, Format Version 12.00
# Visual Studio 15
VisualStudioVersion = 15.0.26730.16
MinimumVisualStudioVersion = 10.0.40219.1
Project("{FAE04EC0-301F-11D3-BF4B-00C04F79EFBC}") = "WindowsFormsPlugin", "WindowsFormsPlugin\WindowsFormsPlugin.csproj", "{36318D9B-0F72-4308-BC5B-D59A471085E6}"
EndProject
Project("{FAE04EC0-301F-11D3-BF4B-00C04F79EFBC}") = "QTouristik.PlugIn.OVH_V10.Search", "QTouristik.PlugIn.OVH_V10.Search\QTouristik.PlugIn.OVH_V10.Search.csproj", "{2CA1429D-4A56-428B-B3E2-C8E6C375E3C7}"
EndProject
Global
	GlobalSection(SolutionConfigurationPlatforms) = preSolution
		Debug|Any CPU = Debug|Any CPU
		Release|Any CPU = Release|Any CPU
	EndGlobalSection
	GlobalSection(ProjectConfigurationPlatforms) = postSolution
		{36318D9B-0F72-4308-BC5B-D59A471085E6}.Debug|Any CPU.ActiveCfg = Debug|Any CPU
		{36318D9B-0F72-4308-BC5B-D59A471085E6}.Debug|Any CPU.Build.0 = Debug|Any CPU
		{36318D9B-0F72-4308-BC5B-D59A471085E6}.Release|Any CPU.ActiveCfg = Release|Any CPU
		{36318D9B-0F72-4308-BC5B-D59A471085E6}.Release|Any CPU.Build.0 = Release|Any CPU
		{2CA1429D-4A56-428B-B3E2-C8E6C375E3C7}.Debug|Any CPU.ActiveCfg = Debug|Any CPU
		{2CA1429D-4A56-428B-B3E2-C8E6C375E3C7}.Debug|Any CPU.Build.0 = Debug|Any CPU
		{2CA1429D-4A56-428B-B3E2-C8E6C375E3C7}.Release|Any CPU.ActiveCfg = Release|Any CPU
		{2CA1429D-4A56-428B-B3E2-C8E6C375E3C7}.Release|Any CPU.Build.0 = Release|Any CPU
	EndGlobalSection
	GlobalSection(SolutionProperties) = preSolution
		HideSolutionNode = FALSE
	EndGlobalSection
	GlobalSection(ExtensibilityGlobals) = postSolution
		SolutionGuid = {2FFEDD20-3538-4D43-8EC8-C9D1AB8E68E6}
	EndGlobalSection
EndGlobal
